
Microsoft Visual Studio Solution File, Format Version 12.00
# Visual Studio Version 17
VisualStudioVersion = 17.14.36203.30 d17.14
MinimumVisualStudioVersion = 10.0.40219.1
Project("{FAE04EC0-301F-11D3-BF4B-00C04F79EFBC}") = "EventManagementSystem.API", "EventManagementSystem.API.csproj", "{891494AC-68E6-407E-B5E8-9A22FA5EE651}"
EndProject
Project("{FAE04EC0-301F-11D3-BF4B-00C04F79EFBC}") = "EventManagementSystem.Core", "..\EventManagementSystem.Core\EventManagementSystem.Core.csproj", "{BA67205D-8CC6-4F7A-8640-66EBC27ADB7F}"
EndProject
Project("{FAE04EC0-301F-11D3-BF4B-00C04F79EFBC}") = "EventManagementSystem.DAL", "..\EventManagementSystem.DAL\EventManagementSystem.DAL.csproj", "{F7285357-615B-4B66-AAE4-7E265723E396}"
EndProject
Project("{FAE04EC0-301F-11D3-BF4B-00C04F79EFBC}") = "EventManagementSystem.BLL", "..\EventManagementSystem.BLL\EventManagementSystem.BLL.csproj", "{4765D7EB-19DC-4299-9A8D-3B7C668329C4}"
EndProject
Global
	GlobalSection(SolutionConfigurationPlatforms) = preSolution
		Debug|Any CPU = Debug|Any CPU
		Release|Any CPU = Release|Any CPU
	EndGlobalSection
	GlobalSection(ProjectConfigurationPlatforms) = postSolution
		{891494AC-68E6-407E-B5E8-9A22FA5EE651}.Debug|Any CPU.ActiveCfg = Debug|Any CPU
		{891494AC-68E6-407E-B5E8-9A22FA5EE651}.Debug|Any CPU.Build.0 = Debug|Any CPU
		{891494AC-68E6-407E-B5E8-9A22FA5EE651}.Release|Any CPU.ActiveCfg = Release|Any CPU
		{891494AC-68E6-407E-B5E8-9A22FA5EE651}.Release|Any CPU.Build.0 = Release|Any CPU
		{BA67205D-8CC6-4F7A-8640-66EBC27ADB7F}.Debug|Any CPU.ActiveCfg = Debug|Any CPU
		{BA67205D-8CC6-4F7A-8640-66EBC27ADB7F}.Debug|Any CPU.Build.0 = Debug|Any CPU
		{BA67205D-8CC6-4F7A-8640-66EBC27ADB7F}.Release|Any CPU.ActiveCfg = Release|Any CPU
		{BA67205D-8CC6-4F7A-8640-66EBC27ADB7F}.Release|Any CPU.Build.0 = Release|Any CPU
		{F7285357-615B-4B66-AAE4-7E265723E396}.Debug|Any CPU.ActiveCfg = Debug|Any CPU
		{F7285357-615B-4B66-AAE4-7E265723E396}.Debug|Any CPU.Build.0 = Debug|Any CPU
		{F7285357-615B-4B66-AAE4-7E265723E396}.Release|Any CPU.ActiveCfg = Release|Any CPU
		{F7285357-615B-4B66-AAE4-7E265723E396}.Release|Any CPU.Build.0 = Release|Any CPU
		{4765D7EB-19DC-4299-9A8D-3B7C668329C4}.Debug|Any CPU.ActiveCfg = Debug|Any CPU
		{4765D7EB-19DC-4299-9A8D-3B7C668329C4}.Debug|Any CPU.Build.0 = Debug|Any CPU
		{4765D7EB-19DC-4299-9A8D-3B7C668329C4}.Release|Any CPU.ActiveCfg = Release|Any CPU
		{4765D7EB-19DC-4299-9A8D-3B7C668329C4}.Release|Any CPU.Build.0 = Release|Any CPU
	EndGlobalSection
	GlobalSection(SolutionProperties) = preSolution
		HideSolutionNode = FALSE
	EndGlobalSection
	GlobalSection(ExtensibilityGlobals) = postSolution
		SolutionGuid = {3B45C6FD-652E-40E1-A6D4-C750A3C76CC6}
	EndGlobalSection
EndGlobal
